// !$*UTF8*$!
{
	archiveVersion = 1;
	classes = {
	};
	objectVersion = 46;
	objects = {

/* Begin PBXBuildFile section */
		28A034231ABA48AD006F6846 /* PlaySoundViewController.swift in Sources */ = {isa = PBXBuildFile; fileRef = 28A034221ABA48AD006F6846 /* PlaySoundViewController.swift */; };
		28DB3B8B1AC5E445006490DF /* RecordedAudio.swift in Sources */ = {isa = PBXBuildFile; fileRef = 28DB3B8A1AC5E445006490DF /* RecordedAudio.swift */; };
		28F52D7C1AB24F470092561F /* AppDelegate.swift in Sources */ = {isa = PBXBuildFile; fileRef = 28F52D7B1AB24F470092561F /* AppDelegate.swift */; };
		28F52D7E1AB24F470092561F /* RecordSoundViewController.swift in Sources */ = {isa = PBXBuildFile; fileRef = 28F52D7D1AB24F470092561F /* RecordSoundViewController.swift */; };
		28F52D811AB24F470092561F /* Main.storyboard in Resources */ = {isa = PBXBuildFile; fileRef = 28F52D7F1AB24F470092561F /* Main.storyboard */; };
		28F52D831AB24F470092561F /* Images.xcassets in Resources */ = {isa = PBXBuildFile; fileRef = 28F52D821AB24F470092561F /* Images.xcassets */; };
		28F52D861AB24F470092561F /* LaunchScreen.xib in Resources */ = {isa = PBXBuildFile; fileRef = 28F52D841AB24F470092561F /* LaunchScreen.xib */; };
/* End PBXBuildFile section */

/* Begin PBXFileReference section */
		28A034221ABA48AD006F6846 /* PlaySoundViewController.swift */ = {isa = PBXFileReference; fileEncoding = 4; lastKnownFileType = sourcecode.swift; path = PlaySoundViewController.swift; sourceTree = "<group>"; };
		28DB3B8A1AC5E445006490DF /* RecordedAudio.swift */ = {isa = PBXFileReference; fileEncoding = 4; lastKnownFileType = sourcecode.swift; path = RecordedAudio.swift; sourceTree = "<group>"; };
		28F52D761AB24F470092561F /* UdacityPitchPerfect.app */ = {isa = PBXFileReference; explicitFileType = wrapper.application; includeInIndex = 0; path = UdacityPitchPerfect.app; sourceTree = BUILT_PRODUCTS_DIR; };
		28F52D7A1AB24F470092561F /* Info.plist */ = {isa = PBXFileReference; lastKnownFileType = text.plist.xml; path = Info.plist; sourceTree = "<group>"; };
		28F52D7B1AB24F470092561F /* AppDelegate.swift */ = {isa = PBXFileReference; lastKnownFileType = sourcecode.swift; path = AppDelegate.swift; sourceTree = "<group>"; };
		28F52D7D1AB24F470092561F /* RecordSoundViewController.swift */ = {isa = PBXFileReference; lastKnownFileType = sourcecode.swift; path = RecordSoundViewController.swift; sourceTree = "<group>"; };
		28F52D801AB24F470092561F /* Base */ = {isa = PBXFileReference; lastKnownFileType = file.storyboard; name = Base; path = Base.lproj/Main.storyboard; sourceTree = "<group>"; };
		28F52D821AB24F470092561F /* Images.xcassets */ = {isa = PBXFileReference; lastKnownFileType = folder.assetcatalog; path = Images.xcassets; sourceTree = "<group>"; };
		28F52D851AB24F470092561F /* Base */ = {isa = PBXFileReference; lastKnownFileType = file.xib; name = Base; path = Base.lproj/LaunchScreen.xib; sourceTree = "<group>"; };
/* End PBXFileReference section */

/* Begin PBXFrameworksBuildPhase section */
		28F52D731AB24F470092561F /* Frameworks */ = {
			isa = PBXFrameworksBuildPhase;
			buildActionMask = 2147483647;
			files = (
			);
			runOnlyForDeploymentPostprocessing = 0;
		};
/* End PBXFrameworksBuildPhase section */

/* Begin PBXGroup section */
		286824EC1C95B8DE00B11691 /* Storyboards */ = {
			isa = PBXGroup;
			children = (
				28F52D7F1AB24F470092561F /* Main.storyboard */,
				28F52D841AB24F470092561F /* LaunchScreen.xib */,
			);
			name = Storyboards;
			sourceTree = "<group>";
		};
		28EDF3091C92DB5100F583DB /* Controller */ = {
			isa = PBXGroup;
			children = (
				28F52D7D1AB24F470092561F /* RecordSoundViewController.swift */,
				28A034221ABA48AD006F6846 /* PlaySoundViewController.swift */,
			);
			name = Controller;
			sourceTree = "<group>";
		};
		28EDF30A1C92DB5800F583DB /* View */ = {
			isa = PBXGroup;
			children = (
			);
			name = View;
			sourceTree = "<group>";
		};
		28EDF30B1C92DB5E00F583DB /* Model */ = {
			isa = PBXGroup;
			children = (
				28DB3B8A1AC5E445006490DF /* RecordedAudio.swift */,
			);
			name = Model;
			sourceTree = "<group>";
		};
		28F52D6D1AB24F470092561F = {
			isa = PBXGroup;
			children = (
				28F52D781AB24F470092561F /* UdacityPitchPerfect */,
				28F52D771AB24F470092561F /* Products */,
			);
			sourceTree = "<group>";
		};
		28F52D771AB24F470092561F /* Products */ = {
			isa = PBXGroup;
			children = (
				28F52D761AB24F470092561F /* UdacityPitchPerfect.app */,
			);
			name = Products;
			sourceTree = "<group>";
		};
		28F52D781AB24F470092561F /* UdacityPitchPerfect */ = {
			isa = PBXGroup;
			children = (
				28F52D7B1AB24F470092561F /* AppDelegate.swift */,
				28EDF30B1C92DB5E00F583DB /* Model */,
				28EDF30A1C92DB5800F583DB /* View */,
				28EDF3091C92DB5100F583DB /* Controller */,
				28F52D791AB24F470092561F /* Supporting Files */,
			);
			name = UdacityPitchPerfect;
			path = "Pitch Perfect";
			sourceTree = "<group>";
		};
		28F52D791AB24F470092561F /* Supporting Files */ = {
			isa = PBXGroup;
			children = (
				286824EC1C95B8DE00B11691 /* Storyboards */,
				28F52D821AB24F470092561F /* Images.xcassets */,
				28F52D7A1AB24F470092561F /* Info.plist */,
			);
			name = "Supporting Files";
			sourceTree = "<group>";
		};
/* End PBXGroup section */

/* Begin PBXNativeTarget section */
		28F52D751AB24F470092561F /* UdacityPitchPerfect */ = {
			isa = PBXNativeTarget;
			buildConfigurationList = 28F52D951AB24F470092561F /* Build configuration list for PBXNativeTarget "UdacityPitchPerfect" */;
			buildPhases = (
				28F52D721AB24F470092561F /* Sources */,
				28F52D731AB24F470092561F /* Frameworks */,
				28F52D741AB24F470092561F /* Resources */,
			);
			buildRules = (
			);
			dependencies = (
			);
			name = UdacityPitchPerfect;
			productName = "Pitch Perfect";
			productReference = 28F52D761AB24F470092561F /* UdacityPitchPerfect.app */;
			productType = "com.apple.product-type.application";
		};
/* End PBXNativeTarget section */

/* Begin PBXProject section */
		28F52D6E1AB24F470092561F /* Project object */ = {
			isa = PBXProject;
			attributes = {
				LastSwiftMigration = 0720;
				LastSwiftUpdateCheck = 0720;
				LastUpgradeCheck = 0820;
				ORGANIZATIONNAME = "Marcel Oliveira Alves";
				TargetAttributes = {
					28F52D751AB24F470092561F = {
						CreatedOnToolsVersion = 6.2;
						DevelopmentTeam = Z2U9XN2WL3;
						LastSwiftMigration = 0820;
					};
				};
			};
			buildConfigurationList = 28F52D711AB24F470092561F /* Build configuration list for PBXProject "UdacityPitchPerfect" */;
			compatibilityVersion = "Xcode 3.2";
			developmentRegion = English;
			hasScannedForEncodings = 0;
			knownRegions = (
				en,
				Base,
			);
			mainGroup = 28F52D6D1AB24F470092561F;
			productRefGroup = 28F52D771AB24F470092561F /* Products */;
			projectDirPath = "";
			projectRoot = "";
			targets = (
				28F52D751AB24F470092561F /* UdacityPitchPerfect */,
			);
		};
/* End PBXProject section */

/* Begin PBXResourcesBuildPhase section */
		28F52D741AB24F470092561F /* Resources */ = {
			isa = PBXResourcesBuildPhase;
			buildActionMask = 2147483647;
			files = (
				28F52D811AB24F470092561F /* Main.storyboard in Resources */,
				28F52D861AB24F470092561F /* LaunchScreen.xib in Resources */,
				28F52D831AB24F470092561F /* Images.xcassets in Resources */,
			);
			runOnlyForDeploymentPostprocessing = 0;
		};
/* End PBXResourcesBuildPhase section */

/* Begin PBXSourcesBuildPhase section */
		28F52D721AB24F470092561F /* Sources */ = {
			isa = PBXSourcesBuildPhase;
			buildActionMask = 2147483647;
			files = (
				28DB3B8B1AC5E445006490DF /* RecordedAudio.swift in Sources */,
				28F52D7E1AB24F470092561F /* RecordSoundViewController.swift in Sources */,
				28A034231ABA48AD006F6846 /* PlaySoundViewController.swift in Sources */,
				28F52D7C1AB24F470092561F /* AppDelegate.swift in Sources */,
			);
			runOnlyForDeploymentPostprocessing = 0;
		};
/* End PBXSourcesBuildPhase section */

/* Begin PBXVariantGroup section */
		28F52D7F1AB24F470092561F /* Main.storyboard */ = {
			isa = PBXVariantGroup;
			children = (
				28F52D801AB24F470092561F /* Base */,
			);
			name = Main.storyboard;
			sourceTree = "<group>";
		};
		28F52D841AB24F470092561F /* LaunchScreen.xib */ = {
			isa = PBXVariantGroup;
			children = (
				28F52D851AB24F470092561F /* Base */,
			);
			name = LaunchScreen.xib;
			sourceTree = "<group>";
		};
/* End PBXVariantGroup section */

/* Begin XCBuildConfiguration section */
		28F52D931AB24F470092561F /* Debug */ = {
			isa = XCBuildConfiguration;
			buildSettings = {
				ALWAYS_SEARCH_USER_PATHS = NO;
				CLANG_CXX_LANGUAGE_STANDARD = "gnu++0x";
				CLANG_CXX_LIBRARY = "libc++";
				CLANG_ENABLE_MODULES = YES;
				CLANG_ENABLE_OBJC_ARC = YES;
				CLANG_WARN_BOOL_CONVERSION = YES;
				CLANG_WARN_CONSTANT_CONVERSION = YES;
				CLANG_WARN_DIRECT_OBJC_ISA_USAGE = YES_ERROR;
				CLANG_WARN_EMPTY_BODY = YES;
				CLANG_WARN_ENUM_CONVERSION = YES;
				CLANG_WARN_INFINITE_RECURSION = YES;
				CLANG_WARN_INT_CONVERSION = YES;
				CLANG_WARN_OBJC_ROOT_CLASS = YES_ERROR;
				CLANG_WARN_SUSPICIOUS_MOVE = YES;
				CLANG_WARN_UNREACHABLE_CODE = YES;
				CLANG_WARN__DUPLICATE_METHOD_MATCH = YES;
				"CODE_SIGN_IDENTITY[sdk=iphoneos*]" = "iPhone Developer";
				COPY_PHASE_STRIP = NO;
				ENABLE_STRICT_OBJC_MSGSEND = YES;
				ENABLE_TESTABILITY = YES;
				GCC_C_LANGUAGE_STANDARD = gnu99;
				GCC_DYNAMIC_NO_PIC = NO;
				GCC_NO_COMMON_BLOCKS = YES;
				GCC_OPTIMIZATION_LEVEL = 0;
				GCC_PREPROCESSOR_DEFINITIONS = (
					"DEBUG=1",
					"$(inherited)",
				);
				GCC_SYMBOLS_PRIVATE_EXTERN = NO;
				GCC_WARN_64_TO_32_BIT_CONVERSION = YES;
				GCC_WARN_ABOUT_RETURN_TYPE = YES_ERROR;
				GCC_WARN_UNDECLARED_SELECTOR = YES;
				GCC_WARN_UNINITIALIZED_AUTOS = YES_AGGRESSIVE;
				GCC_WARN_UNUSED_FUNCTION = YES;
				GCC_WARN_UNUSED_VARIABLE = YES;
				IPHONEOS_DEPLOYMENT_TARGET = 8.2;
				MTL_ENABLE_DEBUG_INFO = YES;
				ONLY_ACTIVE_ARCH = YES;
				SDKROOT = iphoneos;
				SWIFT_OPTIMIZATION_LEVEL = "-Onone";
			};
			name = Debug;
		};
		28F52D941AB24F470092561F /* Release */ = {
			isa = XCBuildConfiguration;
			buildSettings = {
				ALWAYS_SEARCH_USER_PATHS = NO;
				CLANG_CXX_LANGUAGE_STANDARD = "gnu++0x";
				CLANG_CXX_LIBRARY = "libc++";
				CLANG_ENABLE_MODULES = YES;
				CLANG_ENABLE_OBJC_ARC = YES;
				CLANG_WARN_BOOL_CONVERSION = YES;
				CLANG_WARN_CONSTANT_CONVERSION = YES;
				CLANG_WARN_DIRECT_OBJC_ISA_USAGE = YES_ERROR;
				CLANG_WARN_EMPTY_BODY = YES;
				CLANG_WARN_ENUM_CONVERSION = YES;
				CLANG_WARN_INFINITE_RECURSION = YES;
				CLANG_WARN_INT_CONVERSION = YES;
				CLANG_WARN_OBJC_ROOT_CLASS = YES_ERROR;
				CLANG_WARN_SUSPICIOUS_MOVE = YES;
				CLANG_WARN_UNREACHABLE_CODE = YES;
				CLANG_WARN__DUPLICATE_METHOD_MATCH = YES;
				"CODE_SIGN_IDENTITY[sdk=iphoneos*]" = "iPhone Developer";
				COPY_PHASE_STRIP = NO;
				ENABLE_NS_ASSERTIONS = NO;
				ENABLE_STRICT_OBJC_MSGSEND = YES;
				GCC_C_LANGUAGE_STANDARD = gnu99;
				GCC_NO_COMMON_BLOCKS = YES;
				GCC_WARN_64_TO_32_BIT_CONVERSION = YES;
				GCC_WARN_ABOUT_RETURN_TYPE = YES_ERROR;
				GCC_WARN_UNDECLARED_SELECTOR = YES;
				GCC_WARN_UNINITIALIZED_AUTOS = YES_AGGRESSIVE;
				GCC_WARN_UNUSED_FUNCTION = YES;
				GCC_WARN_UNUSED_VARIABLE = YES;
				IPHONEOS_DEPLOYMENT_TARGET = 8.2;
				MTL_ENABLE_DEBUG_INFO = NO;
				SDKROOT = iphoneos;
				SWIFT_OPTIMIZATION_LEVEL = "-Owholemodule";
				VALIDATE_PRODUCT = YES;
			};
			name = Release;
		};
		28F52D961AB24F470092561F /* Debug */ = {
			isa = XCBuildConfiguration;
			buildSettings = {
				ASSETCATALOG_COMPILER_APPICON_NAME = AppIcon;
				CODE_SIGN_IDENTITY = "iPhone Developer";
				"CODE_SIGN_IDENTITY[sdk=iphoneos*]" = "iPhone Developer";
				INFOPLIST_FILE = "Pitch Perfect/Info.plist";
				IPHONEOS_DEPLOYMENT_TARGET = 8.0;
				LD_RUNPATH_SEARCH_PATHS = "$(inherited) @executable_path/Frameworks";
				PRODUCT_BUNDLE_IDENTIFIER = "com.alvesmarcel.$(PRODUCT_NAME:rfc1034identifier)";
				PRODUCT_NAME = UdacityPitchPerfect;
				PROVISIONING_PROFILE = "";
				SWIFT_VERSION = 3.0;
			};
			name = Debug;
		};
		28F52D971AB24F470092561F /* Release */ = {
			isa = XCBuildConfiguration;
			buildSettings = {
				ASSETCATALOG_COMPILER_APPICON_NAME = AppIcon;
				CODE_SIGN_IDENTITY = "iPhone Developer";
				"CODE_SIGN_IDENTITY[sdk=iphoneos*]" = "iPhone Developer";
				INFOPLIST_FILE = "Pitch Perfect/Info.plist";
				IPHONEOS_DEPLOYMENT_TARGET = 8.0;
				LD_RUNPATH_SEARCH_PATHS = "$(inherited) @executable_path/Frameworks";
				PRODUCT_BUNDLE_IDENTIFIER = "com.alvesmarcel.$(PRODUCT_NAME:rfc1034identifier)";
				PRODUCT_NAME = UdacityPitchPerfect;
				PROVISIONING_PROFILE = "";
				SWIFT_VERSION = 3.0;
			};
			name = Release;
		};
/* End XCBuildConfiguration section */

/* Begin XCConfigurationList section */
		28F52D711AB24F470092561F /* Build configuration list for PBXProject "UdacityPitchPerfect" */ = {
			isa = XCConfigurationList;
			buildConfigurations = (
				28F52D931AB24F470092561F /* Debug */,
				28F52D941AB24F470092561F /* Release */,
			);
			defaultConfigurationIsVisible = 0;
			defaultConfigurationName = Release;
		};
		28F52D951AB24F470092561F /* Build configuration list for PBXNativeTarget "UdacityPitchPerfect" */ = {
			isa = XCConfigurationList;
			buildConfigurations = (
				28F52D961AB24F470092561F /* Debug */,
				28F52D971AB24F470092561F /* Release */,
			);
			defaultConfigurationIsVisible = 0;
			defaultConfigurationName = Release;
		};
/* End XCConfigurationList section */
	};
	rootObject = 28F52D6E1AB24F470092561F /* Project object */;
}
